
Microsoft Visual Studio Solution File, Format Version 12.00
# Visual Studio 14
VisualStudioVersion = 14.0.24720.0
MinimumVisualStudioVersion = 10.0.40219.1
Project("{2150E333-8FDC-42A3-9474-1A3956D46DE8}") = "src", "src", "{3874F4AD-8EA5-46D7-9103-7A8B9BCAF71E}"
EndProject
Project("{2150E333-8FDC-42A3-9474-1A3956D46DE8}") = "Solution Items", "Solution Items", "{D1018278-7C6D-483F-A53E-48C00C33DA5A}"
	ProjectSection(SolutionItems) = preProject
		global.json = global.json
	EndProjectSection
EndProject
Project("{8BB2217D-0F2D-49D1-97BC-3654ED321F3B}") = "SmartHome.Server", "src\SmartHome.Server\SmartHome.Server.xproj", "{EE745607-F550-4545-B3EA-FACEAD161164}"
EndProject
Project("{FAE04EC0-301F-11D3-BF4B-00C04F79EFBC}") = "SmartHome.WpfClient", "SmartHome.WpfClient\SmartHome.WpfClient.csproj", "{A02AED84-06A6-4B67-BE20-BD06DDA9781E}"
EndProject
Project("{262852C6-CD72-467D-83FE-5EEB1973A190}") = "SmartHome.MobileClient", "SmartHome.MobileClient\SmartHome.MobileClient.jsproj", "{A0EA3796-527A-486C-A017-B40EDAEBB9A7}"
EndProject
Global
	GlobalSection(SolutionConfigurationPlatforms) = preSolution
		Debug|Android = Debug|Android
		Debug|Any CPU = Debug|Any CPU
		Debug|iOS = Debug|iOS
		Debug|Windows Phone (Universal) = Debug|Windows Phone (Universal)
		Debug|Windows Phone 8 = Debug|Windows Phone 8
		Debug|Windows-AnyCPU = Debug|Windows-AnyCPU
		Debug|Windows-ARM = Debug|Windows-ARM
		Debug|Windows-x64 = Debug|Windows-x64
		Debug|Windows-x86 = Debug|Windows-x86
		Release|Android = Release|Android
		Release|Any CPU = Release|Any CPU
		Release|iOS = Release|iOS
		Release|Windows Phone (Universal) = Release|Windows Phone (Universal)
		Release|Windows Phone 8 = Release|Windows Phone 8
		Release|Windows-AnyCPU = Release|Windows-AnyCPU
		Release|Windows-ARM = Release|Windows-ARM
		Release|Windows-x64 = Release|Windows-x64
		Release|Windows-x86 = Release|Windows-x86
	EndGlobalSection
	GlobalSection(ProjectConfigurationPlatforms) = postSolution
		{EE745607-F550-4545-B3EA-FACEAD161164}.Debug|Android.ActiveCfg = Debug|Any CPU
		{EE745607-F550-4545-B3EA-FACEAD161164}.Debug|Android.Build.0 = Debug|Any CPU
		{EE745607-F550-4545-B3EA-FACEAD161164}.Debug|Any CPU.ActiveCfg = Debug|Any CPU
		{EE745607-F550-4545-B3EA-FACEAD161164}.Debug|Any CPU.Build.0 = Debug|Any CPU
		{EE745607-F550-4545-B3EA-FACEAD161164}.Debug|iOS.ActiveCfg = Debug|Any CPU
		{EE745607-F550-4545-B3EA-FACEAD161164}.Debug|iOS.Build.0 = Debug|Any CPU
		{EE745607-F550-4545-B3EA-FACEAD161164}.Debug|Windows Phone (Universal).ActiveCfg = Debug|Any CPU
		{EE745607-F550-4545-B3EA-FACEAD161164}.Debug|Windows Phone (Universal).Build.0 = Debug|Any CPU
		{EE745607-F550-4545-B3EA-FACEAD161164}.Debug|Windows Phone 8.ActiveCfg = Debug|Any CPU
		{EE745607-F550-4545-B3EA-FACEAD161164}.Debug|Windows Phone 8.Build.0 = Debug|Any CPU
		{EE745607-F550-4545-B3EA-FACEAD161164}.Debug|Windows-AnyCPU.ActiveCfg = Debug|Any CPU
		{EE745607-F550-4545-B3EA-FACEAD161164}.Debug|Windows-AnyCPU.Build.0 = Debug|Any CPU
		{EE745607-F550-4545-B3EA-FACEAD161164}.Debug|Windows-ARM.ActiveCfg = Debug|Any CPU
		{EE745607-F550-4545-B3EA-FACEAD161164}.Debug|Windows-ARM.Build.0 = Debug|Any CPU
		{EE745607-F550-4545-B3EA-FACEAD161164}.Debug|Windows-x64.ActiveCfg = Debug|Any CPU
		{EE745607-F550-4545-B3EA-FACEAD161164}.Debug|Windows-x64.Build.0 = Debug|Any CPU
		{EE745607-F550-4545-B3EA-FACEAD161164}.Debug|Windows-x86.ActiveCfg = Debug|Any CPU
		{EE745607-F550-4545-B3EA-FACEAD161164}.Debug|Windows-x86.Build.0 = Debug|Any CPU
		{EE745607-F550-4545-B3EA-FACEAD161164}.Release|Android.ActiveCfg = Release|Any CPU
		{EE745607-F550-4545-B3EA-FACEAD161164}.Release|Android.Build.0 = Release|Any CPU
		{EE745607-F550-4545-B3EA-FACEAD161164}.Release|Any CPU.ActiveCfg = Release|Any CPU
		{EE745607-F550-4545-B3EA-FACEAD161164}.Release|Any CPU.Build.0 = Release|Any CPU
		{EE745607-F550-4545-B3EA-FACEAD161164}.Release|iOS.ActiveCfg = Release|Any CPU
		{EE745607-F550-4545-B3EA-FACEAD161164}.Release|iOS.Build.0 = Release|Any CPU
		{EE745607-F550-4545-B3EA-FACEAD161164}.Release|Windows Phone (Universal).ActiveCfg = Release|Any CPU
		{EE745607-F550-4545-B3EA-FACEAD161164}.Release|Windows Phone (Universal).Build.0 = Release|Any CPU
		{EE745607-F550-4545-B3EA-FACEAD161164}.Release|Windows Phone 8.ActiveCfg = Release|Any CPU
		{EE745607-F550-4545-B3EA-FACEAD161164}.Release|Windows Phone 8.Build.0 = Release|Any CPU
		{EE745607-F550-4545-B3EA-FACEAD161164}.Release|Windows-AnyCPU.ActiveCfg = Release|Any CPU
		{EE745607-F550-4545-B3EA-FACEAD161164}.Release|Windows-AnyCPU.Build.0 = Release|Any CPU
		{EE745607-F550-4545-B3EA-FACEAD161164}.Release|Windows-ARM.ActiveCfg = Release|Any CPU
		{EE745607-F550-4545-B3EA-FACEAD161164}.Release|Windows-ARM.Build.0 = Release|Any CPU
		{EE745607-F550-4545-B3EA-FACEAD161164}.Release|Windows-x64.ActiveCfg = Release|Any CPU
		{EE745607-F550-4545-B3EA-FACEAD161164}.Release|Windows-x64.Build.0 = Release|Any CPU
		{EE745607-F550-4545-B3EA-FACEAD161164}.Release|Windows-x86.ActiveCfg = Release|Any CPU
		{EE745607-F550-4545-B3EA-FACEAD161164}.Release|Windows-x86.Build.0 = Release|Any CPU
		{A02AED84-06A6-4B67-BE20-BD06DDA9781E}.Debug|Android.ActiveCfg = Debug|Any CPU
		{A02AED84-06A6-4B67-BE20-BD06DDA9781E}.Debug|Android.Build.0 = Debug|Any CPU
		{A02AED84-06A6-4B67-BE20-BD06DDA9781E}.Debug|Any CPU.ActiveCfg = Debug|Any CPU
		{A02AED84-06A6-4B67-BE20-BD06DDA9781E}.Debug|Any CPU.Build.0 = Debug|Any CPU
		{A02AED84-06A6-4B67-BE20-BD06DDA9781E}.Debug|iOS.ActiveCfg = Debug|Any CPU
		{A02AED84-06A6-4B67-BE20-BD06DDA9781E}.Debug|iOS.Build.0 = Debug|Any CPU
		{A02AED84-06A6-4B67-BE20-BD06DDA9781E}.Debug|Windows Phone (Universal).ActiveCfg = Debug|Any CPU
		{A02AED84-06A6-4B67-BE20-BD06DDA9781E}.Debug|Windows Phone (Universal).Build.0 = Debug|Any CPU
		{A02AED84-06A6-4B67-BE20-BD06DDA9781E}.Debug|Windows Phone 8.ActiveCfg = Debug|Any CPU
		{A02AED84-06A6-4B67-BE20-BD06DDA9781E}.Debug|Windows Phone 8.Build.0 = Debug|Any CPU
		{A02AED84-06A6-4B67-BE20-BD06DDA9781E}.Debug|Windows-AnyCPU.ActiveCfg = Debug|Any CPU
		{A02AED84-06A6-4B67-BE20-BD06DDA9781E}.Debug|Windows-AnyCPU.Build.0 = Debug|Any CPU
		{A02AED84-06A6-4B67-BE20-BD06DDA9781E}.Debug|Windows-ARM.ActiveCfg = Debug|Any CPU
		{A02AED84-06A6-4B67-BE20-BD06DDA9781E}.Debug|Windows-ARM.Build.0 = Debug|Any CPU
		{A02AED84-06A6-4B67-BE20-BD06DDA9781E}.Debug|Windows-x64.ActiveCfg = Debug|Any CPU
		{A02AED84-06A6-4B67-BE20-BD06DDA9781E}.Debug|Windows-x64.Build.0 = Debug|Any CPU
		{A02AED84-06A6-4B67-BE20-BD06DDA9781E}.Debug|Windows-x86.ActiveCfg = Debug|Any CPU
		{A02AED84-06A6-4B67-BE20-BD06DDA9781E}.Debug|Windows-x86.Build.0 = Debug|Any CPU
		{A02AED84-06A6-4B67-BE20-BD06DDA9781E}.Release|Android.ActiveCfg = Release|Any CPU
		{A02AED84-06A6-4B67-BE20-BD06DDA9781E}.Release|Android.Build.0 = Release|Any CPU
		{A02AED84-06A6-4B67-BE20-BD06DDA9781E}.Release|Any CPU.ActiveCfg = Release|Any CPU
		{A02AED84-06A6-4B67-BE20-BD06DDA9781E}.Release|Any CPU.Build.0 = Release|Any CPU
		{A02AED84-06A6-4B67-BE20-BD06DDA9781E}.Release|iOS.ActiveCfg = Release|Any CPU
		{A02AED84-06A6-4B67-BE20-BD06DDA9781E}.Release|iOS.Build.0 = Release|Any CPU
		{A02AED84-06A6-4B67-BE20-BD06DDA9781E}.Release|Windows Phone (Universal).ActiveCfg = Release|Any CPU
		{A02AED84-06A6-4B67-BE20-BD06DDA9781E}.Release|Windows Phone (Universal).Build.0 = Release|Any CPU
		{A02AED84-06A6-4B67-BE20-BD06DDA9781E}.Release|Windows Phone 8.ActiveCfg = Release|Any CPU
		{A02AED84-06A6-4B67-BE20-BD06DDA9781E}.Release|Windows Phone 8.Build.0 = Release|Any CPU
		{A02AED84-06A6-4B67-BE20-BD06DDA9781E}.Release|Windows-AnyCPU.ActiveCfg = Release|Any CPU
		{A02AED84-06A6-4B67-BE20-BD06DDA9781E}.Release|Windows-AnyCPU.Build.0 = Release|Any CPU
		{A02AED84-06A6-4B67-BE20-BD06DDA9781E}.Release|Windows-ARM.ActiveCfg = Release|Any CPU
		{A02AED84-06A6-4B67-BE20-BD06DDA9781E}.Release|Windows-ARM.Build.0 = Release|Any CPU
		{A02AED84-06A6-4B67-BE20-BD06DDA9781E}.Release|Windows-x64.ActiveCfg = Release|Any CPU
		{A02AED84-06A6-4B67-BE20-BD06DDA9781E}.Release|Windows-x64.Build.0 = Release|Any CPU
		{A02AED84-06A6-4B67-BE20-BD06DDA9781E}.Release|Windows-x86.ActiveCfg = Release|Any CPU
		{A02AED84-06A6-4B67-BE20-BD06DDA9781E}.Release|Windows-x86.Build.0 = Release|Any CPU
		{A0EA3796-527A-486C-A017-B40EDAEBB9A7}.Debug|Android.ActiveCfg = Debug|Android
		{A0EA3796-527A-486C-A017-B40EDAEBB9A7}.Debug|Android.Build.0 = Debug|Android
		{A0EA3796-527A-486C-A017-B40EDAEBB9A7}.Debug|Android.Deploy.0 = Debug|Android
		{A0EA3796-527A-486C-A017-B40EDAEBB9A7}.Debug|Any CPU.ActiveCfg = Debug|Android
		{A0EA3796-527A-486C-A017-B40EDAEBB9A7}.Debug|iOS.ActiveCfg = Debug|iOS
		{A0EA3796-527A-486C-A017-B40EDAEBB9A7}.Debug|iOS.Build.0 = Debug|iOS
		{A0EA3796-527A-486C-A017-B40EDAEBB9A7}.Debug|iOS.Deploy.0 = Debug|iOS
		{A0EA3796-527A-486C-A017-B40EDAEBB9A7}.Debug|Windows Phone (Universal).ActiveCfg = Debug|Windows Phone (Universal)
		{A0EA3796-527A-486C-A017-B40EDAEBB9A7}.Debug|Windows Phone (Universal).Build.0 = Debug|Windows Phone (Universal)
		{A0EA3796-527A-486C-A017-B40EDAEBB9A7}.Debug|Windows Phone (Universal).Deploy.0 = Debug|Windows Phone (Universal)
		{A0EA3796-527A-486C-A017-B40EDAEBB9A7}.Debug|Windows Phone 8.ActiveCfg = Debug|Windows Phone 8
		{A0EA3796-527A-486C-A017-B40EDAEBB9A7}.Debug|Windows Phone 8.Build.0 = Debug|Windows Phone 8
		{A0EA3796-527A-486C-A017-B40EDAEBB9A7}.Debug|Windows Phone 8.Deploy.0 = Debug|Windows Phone 8
		{A0EA3796-527A-486C-A017-B40EDAEBB9A7}.Debug|Windows-AnyCPU.ActiveCfg = Debug|Windows-AnyCPU
		{A0EA3796-527A-486C-A017-B40EDAEBB9A7}.Debug|Windows-AnyCPU.Build.0 = Debug|Windows-AnyCPU
		{A0EA3796-527A-486C-A017-B40EDAEBB9A7}.Debug|Windows-AnyCPU.Deploy.0 = Debug|Windows-AnyCPU
		{A0EA3796-527A-486C-A017-B40EDAEBB9A7}.Debug|Windows-ARM.ActiveCfg = Debug|Windows-ARM
		{A0EA3796-527A-486C-A017-B40EDAEBB9A7}.Debug|Windows-ARM.Build.0 = Debug|Windows-ARM
		{A0EA3796-527A-486C-A017-B40EDAEBB9A7}.Debug|Windows-ARM.Deploy.0 = Debug|Windows-ARM
		{A0EA3796-527A-486C-A017-B40EDAEBB9A7}.Debug|Windows-x64.ActiveCfg = Debug|Windows-x64
		{A0EA3796-527A-486C-A017-B40EDAEBB9A7}.Debug|Windows-x64.Build.0 = Debug|Windows-x64
		{A0EA3796-527A-486C-A017-B40EDAEBB9A7}.Debug|Windows-x64.Deploy.0 = Debug|Windows-x64
		{A0EA3796-527A-486C-A017-B40EDAEBB9A7}.Debug|Windows-x86.ActiveCfg = Debug|Windows-x86
		{A0EA3796-527A-486C-A017-B40EDAEBB9A7}.Debug|Windows-x86.Build.0 = Debug|Windows-x86
		{A0EA3796-527A-486C-A017-B40EDAEBB9A7}.Debug|Windows-x86.Deploy.0 = Debug|Windows-x86
		{A0EA3796-527A-486C-A017-B40EDAEBB9A7}.Release|Android.ActiveCfg = Release|Android
		{A0EA3796-527A-486C-A017-B40EDAEBB9A7}.Release|Android.Build.0 = Release|Android
		{A0EA3796-527A-486C-A017-B40EDAEBB9A7}.Release|Android.Deploy.0 = Release|Android
		{A0EA3796-527A-486C-A017-B40EDAEBB9A7}.Release|Any CPU.ActiveCfg = Release|Android
		{A0EA3796-527A-486C-A017-B40EDAEBB9A7}.Release|iOS.ActiveCfg = Release|iOS
		{A0EA3796-527A-486C-A017-B40EDAEBB9A7}.Release|iOS.Build.0 = Release|iOS
		{A0EA3796-527A-486C-A017-B40EDAEBB9A7}.Release|iOS.Deploy.0 = Release|iOS
		{A0EA3796-527A-486C-A017-B40EDAEBB9A7}.Release|Windows Phone (Universal).ActiveCfg = Release|Windows Phone (Universal)
		{A0EA3796-527A-486C-A017-B40EDAEBB9A7}.Release|Windows Phone (Universal).Build.0 = Release|Windows Phone (Universal)
		{A0EA3796-527A-486C-A017-B40EDAEBB9A7}.Release|Windows Phone (Universal).Deploy.0 = Release|Windows Phone (Universal)
		{A0EA3796-527A-486C-A017-B40EDAEBB9A7}.Release|Windows Phone 8.ActiveCfg = Release|Windows Phone 8
		{A0EA3796-527A-486C-A017-B40EDAEBB9A7}.Release|Windows Phone 8.Build.0 = Release|Windows Phone 8
		{A0EA3796-527A-486C-A017-B40EDAEBB9A7}.Release|Windows Phone 8.Deploy.0 = Release|Windows Phone 8
		{A0EA3796-527A-486C-A017-B40EDAEBB9A7}.Release|Windows-AnyCPU.ActiveCfg = Release|Windows-AnyCPU
		{A0EA3796-527A-486C-A017-B40EDAEBB9A7}.Release|Windows-AnyCPU.Build.0 = Release|Windows-AnyCPU
		{A0EA3796-527A-486C-A017-B40EDAEBB9A7}.Release|Windows-AnyCPU.Deploy.0 = Release|Windows-AnyCPU
		{A0EA3796-527A-486C-A017-B40EDAEBB9A7}.Release|Windows-ARM.ActiveCfg = Release|Windows-ARM
		{A0EA3796-527A-486C-A017-B40EDAEBB9A7}.Release|Windows-ARM.Build.0 = Release|Windows-ARM
		{A0EA3796-527A-486C-A017-B40EDAEBB9A7}.Release|Windows-ARM.Deploy.0 = Release|Windows-ARM
		{A0EA3796-527A-486C-A017-B40EDAEBB9A7}.Release|Windows-x64.ActiveCfg = Release|Windows-x64
		{A0EA3796-527A-486C-A017-B40EDAEBB9A7}.Release|Windows-x64.Build.0 = Release|Windows-x64
		{A0EA3796-527A-486C-A017-B40EDAEBB9A7}.Release|Windows-x64.Deploy.0 = Release|Windows-x64
		{A0EA3796-527A-486C-A017-B40EDAEBB9A7}.Release|Windows-x86.ActiveCfg = Release|Windows-x86
		{A0EA3796-527A-486C-A017-B40EDAEBB9A7}.Release|Windows-x86.Build.0 = Release|Windows-x86
		{A0EA3796-527A-486C-A017-B40EDAEBB9A7}.Release|Windows-x86.Deploy.0 = Release|Windows-x86
	EndGlobalSection
	GlobalSection(SolutionProperties) = preSolution
		HideSolutionNode = FALSE
	EndGlobalSection
	GlobalSection(NestedProjects) = preSolution
		{EE745607-F550-4545-B3EA-FACEAD161164} = {3874F4AD-8EA5-46D7-9103-7A8B9BCAF71E}
		{A02AED84-06A6-4B67-BE20-BD06DDA9781E} = {3874F4AD-8EA5-46D7-9103-7A8B9BCAF71E}
		{A0EA3796-527A-486C-A017-B40EDAEBB9A7} = {3874F4AD-8EA5-46D7-9103-7A8B9BCAF71E}
	EndGlobalSection
EndGlobal
